
Microsoft Visual Studio Solution File, Format Version 12.00
# Visual Studio Version 16
VisualStudioVersion = 16.0.31613.86
MinimumVisualStudioVersion = 10.0.40219.1
Project("{8BC9CEB8-8B4A-11D0-8D11-00A0C91BC942}") = "당구게임 리드_KPU온라인저지", "당구게임 리드_KPU온라인저지\당구게임 리드_KPU온라인저지.vcxproj", "{217150C1-1A13-49FA-95BE-999D27DA2563}"
EndProject
Global
	GlobalSection(SolutionConfigurationPlatforms) = preSolution
		Debug|x64 = Debug|x64
		Debug|x86 = Debug|x86
		Release|x64 = Release|x64
		Release|x86 = Release|x86
	EndGlobalSection
	GlobalSection(ProjectConfigurationPlatforms) = postSolution
		{217150C1-1A13-49FA-95BE-999D27DA2563}.Debug|x64.ActiveCfg = Debug|x64
		{217150C1-1A13-49FA-95BE-999D27DA2563}.Debug|x64.Build.0 = Debug|x64
		{217150C1-1A13-49FA-95BE-999D27DA2563}.Debug|x86.ActiveCfg = Debug|Win32
		{217150C1-1A13-49FA-95BE-999D27DA2563}.Debug|x86.Build.0 = Debug|Win32
		{217150C1-1A13-49FA-95BE-999D27DA2563}.Release|x64.ActiveCfg = Release|x64
		{217150C1-1A13-49FA-95BE-999D27DA2563}.Release|x64.Build.0 = Release|x64
		{217150C1-1A13-49FA-95BE-999D27DA2563}.Release|x86.ActiveCfg = Release|Win32
		{217150C1-1A13-49FA-95BE-999D27DA2563}.Release|x86.Build.0 = Release|Win32
	EndGlobalSection
	GlobalSection(SolutionProperties) = preSolution
		HideSolutionNode = FALSE
	EndGlobalSection
	GlobalSection(ExtensibilityGlobals) = postSolution
		SolutionGuid = {7AC5DF3E-B7BD-423C-AB09-0DEF4C4B5044}
	EndGlobalSection
EndGlobal
