
Microsoft Visual Studio Solution File, Format Version 12.00
# Visual Studio Version 16
VisualStudioVersion = 16.0.30517.126
MinimumVisualStudioVersion = 10.0.40219.1
Project("{8BC9CEB8-8B4A-11D0-8D11-00A0C91BC942}") = "6_3(Trip)", "6_3(Trip)\6_3(Trip).vcxproj", "{B8692A98-C69C-497A-97A8-F4D3E3ACEB63}"
EndProject
Project("{8BC9CEB8-8B4A-11D0-8D11-00A0C91BC942}") = "LOTTO(6603_BJ)", "LOTTO(6603_BJ)\LOTTO(6603_BJ).vcxproj", "{07063B09-CF29-4E0A-959B-8B1BC2391429}"
EndProject
Project("{8BC9CEB8-8B4A-11D0-8D11-00A0C91BC942}") = "Baekjoon_4963", "Baekjoon_4963\Baekjoon_4963.vcxproj", "{58126A4F-F200-424B-9CA4-BCA23CA225E0}"
EndProject
Project("{8BC9CEB8-8B4A-11D0-8D11-00A0C91BC942}") = "Beakjun_2447", "Beakjun_2447\Beakjun_2447.vcxproj", "{FF02FAF6-75D3-46B3-9DA2-8F90388C72A6}"
EndProject
Global
	GlobalSection(SolutionConfigurationPlatforms) = preSolution
		Debug|x64 = Debug|x64
		Debug|x86 = Debug|x86
		Release|x64 = Release|x64
		Release|x86 = Release|x86
	EndGlobalSection
	GlobalSection(ProjectConfigurationPlatforms) = postSolution
		{B8692A98-C69C-497A-97A8-F4D3E3ACEB63}.Debug|x64.ActiveCfg = Debug|x64
		{B8692A98-C69C-497A-97A8-F4D3E3ACEB63}.Debug|x64.Build.0 = Debug|x64
		{B8692A98-C69C-497A-97A8-F4D3E3ACEB63}.Debug|x86.ActiveCfg = Debug|Win32
		{B8692A98-C69C-497A-97A8-F4D3E3ACEB63}.Debug|x86.Build.0 = Debug|Win32
		{B8692A98-C69C-497A-97A8-F4D3E3ACEB63}.Release|x64.ActiveCfg = Release|x64
		{B8692A98-C69C-497A-97A8-F4D3E3ACEB63}.Release|x64.Build.0 = Release|x64
		{B8692A98-C69C-497A-97A8-F4D3E3ACEB63}.Release|x86.ActiveCfg = Release|Win32
		{B8692A98-C69C-497A-97A8-F4D3E3ACEB63}.Release|x86.Build.0 = Release|Win32
		{07063B09-CF29-4E0A-959B-8B1BC2391429}.Debug|x64.ActiveCfg = Debug|x64
		{07063B09-CF29-4E0A-959B-8B1BC2391429}.Debug|x64.Build.0 = Debug|x64
		{07063B09-CF29-4E0A-959B-8B1BC2391429}.Debug|x86.ActiveCfg = Debug|Win32
		{07063B09-CF29-4E0A-959B-8B1BC2391429}.Debug|x86.Build.0 = Debug|Win32
		{07063B09-CF29-4E0A-959B-8B1BC2391429}.Release|x64.ActiveCfg = Release|x64
		{07063B09-CF29-4E0A-959B-8B1BC2391429}.Release|x64.Build.0 = Release|x64
		{07063B09-CF29-4E0A-959B-8B1BC2391429}.Release|x86.ActiveCfg = Release|Win32
		{07063B09-CF29-4E0A-959B-8B1BC2391429}.Release|x86.Build.0 = Release|Win32
		{58126A4F-F200-424B-9CA4-BCA23CA225E0}.Debug|x64.ActiveCfg = Debug|x64
		{58126A4F-F200-424B-9CA4-BCA23CA225E0}.Debug|x64.Build.0 = Debug|x64
		{58126A4F-F200-424B-9CA4-BCA23CA225E0}.Debug|x86.ActiveCfg = Debug|Win32
		{58126A4F-F200-424B-9CA4-BCA23CA225E0}.Debug|x86.Build.0 = Debug|Win32
		{58126A4F-F200-424B-9CA4-BCA23CA225E0}.Release|x64.ActiveCfg = Release|x64
		{58126A4F-F200-424B-9CA4-BCA23CA225E0}.Release|x64.Build.0 = Release|x64
		{58126A4F-F200-424B-9CA4-BCA23CA225E0}.Release|x86.ActiveCfg = Release|Win32
		{58126A4F-F200-424B-9CA4-BCA23CA225E0}.Release|x86.Build.0 = Release|Win32
		{FF02FAF6-75D3-46B3-9DA2-8F90388C72A6}.Debug|x64.ActiveCfg = Debug|x64
		{FF02FAF6-75D3-46B3-9DA2-8F90388C72A6}.Debug|x64.Build.0 = Debug|x64
		{FF02FAF6-75D3-46B3-9DA2-8F90388C72A6}.Debug|x86.ActiveCfg = Debug|Win32
		{FF02FAF6-75D3-46B3-9DA2-8F90388C72A6}.Debug|x86.Build.0 = Debug|Win32
		{FF02FAF6-75D3-46B3-9DA2-8F90388C72A6}.Release|x64.ActiveCfg = Release|x64
		{FF02FAF6-75D3-46B3-9DA2-8F90388C72A6}.Release|x64.Build.0 = Release|x64
		{FF02FAF6-75D3-46B3-9DA2-8F90388C72A6}.Release|x86.ActiveCfg = Release|Win32
		{FF02FAF6-75D3-46B3-9DA2-8F90388C72A6}.Release|x86.Build.0 = Release|Win32
	EndGlobalSection
	GlobalSection(SolutionProperties) = preSolution
		HideSolutionNode = FALSE
	EndGlobalSection
	GlobalSection(ExtensibilityGlobals) = postSolution
		SolutionGuid = {482A332A-1A54-47B6-8AC8-C07FCFD0E065}
	EndGlobalSection
EndGlobal
