
Microsoft Visual Studio Solution File, Format Version 12.00
# Visual Studio Version 16
VisualStudioVersion = 16.0.31613.86
MinimumVisualStudioVersion = 10.0.40219.1
Project("{8BC9CEB8-8B4A-11D0-8D11-00A0C91BC942}") = "크레인 인형뽑기 게임_프로그래머스", "크레인 인형뽑기 게임_프로그래머스\크레인 인형뽑기 게임_프로그래머스.vcxproj", "{4BBD6402-A196-4A42-AB80-16365BA5765C}"
EndProject
Global
	GlobalSection(SolutionConfigurationPlatforms) = preSolution
		Debug|x64 = Debug|x64
		Debug|x86 = Debug|x86
		Release|x64 = Release|x64
		Release|x86 = Release|x86
	EndGlobalSection
	GlobalSection(ProjectConfigurationPlatforms) = postSolution
		{4BBD6402-A196-4A42-AB80-16365BA5765C}.Debug|x64.ActiveCfg = Debug|x64
		{4BBD6402-A196-4A42-AB80-16365BA5765C}.Debug|x64.Build.0 = Debug|x64
		{4BBD6402-A196-4A42-AB80-16365BA5765C}.Debug|x86.ActiveCfg = Debug|Win32
		{4BBD6402-A196-4A42-AB80-16365BA5765C}.Debug|x86.Build.0 = Debug|Win32
		{4BBD6402-A196-4A42-AB80-16365BA5765C}.Release|x64.ActiveCfg = Release|x64
		{4BBD6402-A196-4A42-AB80-16365BA5765C}.Release|x64.Build.0 = Release|x64
		{4BBD6402-A196-4A42-AB80-16365BA5765C}.Release|x86.ActiveCfg = Release|Win32
		{4BBD6402-A196-4A42-AB80-16365BA5765C}.Release|x86.Build.0 = Release|Win32
	EndGlobalSection
	GlobalSection(SolutionProperties) = preSolution
		HideSolutionNode = FALSE
	EndGlobalSection
	GlobalSection(ExtensibilityGlobals) = postSolution
		SolutionGuid = {5ADE0D9C-7E31-4EE2-B052-DCFB22C43FEC}
	EndGlobalSection
EndGlobal
