
Microsoft Visual Studio Solution File, Format Version 12.00
# Visual Studio Version 16
VisualStudioVersion = 16.0.31613.86
MinimumVisualStudioVersion = 10.0.40219.1
Project("{8BC9CEB8-8B4A-11D0-8D11-00A0C91BC942}") = "이항 계수 3_백준", "이항 계수 3_백준\이항 계수 3_백준.vcxproj", "{239844E3-1948-42FB-BA9D-7A0CD93771DA}"
EndProject
Global
	GlobalSection(SolutionConfigurationPlatforms) = preSolution
		Debug|x64 = Debug|x64
		Debug|x86 = Debug|x86
		Release|x64 = Release|x64
		Release|x86 = Release|x86
	EndGlobalSection
	GlobalSection(ProjectConfigurationPlatforms) = postSolution
		{239844E3-1948-42FB-BA9D-7A0CD93771DA}.Debug|x64.ActiveCfg = Debug|x64
		{239844E3-1948-42FB-BA9D-7A0CD93771DA}.Debug|x64.Build.0 = Debug|x64
		{239844E3-1948-42FB-BA9D-7A0CD93771DA}.Debug|x86.ActiveCfg = Debug|Win32
		{239844E3-1948-42FB-BA9D-7A0CD93771DA}.Debug|x86.Build.0 = Debug|Win32
		{239844E3-1948-42FB-BA9D-7A0CD93771DA}.Release|x64.ActiveCfg = Release|x64
		{239844E3-1948-42FB-BA9D-7A0CD93771DA}.Release|x64.Build.0 = Release|x64
		{239844E3-1948-42FB-BA9D-7A0CD93771DA}.Release|x86.ActiveCfg = Release|Win32
		{239844E3-1948-42FB-BA9D-7A0CD93771DA}.Release|x86.Build.0 = Release|Win32
	EndGlobalSection
	GlobalSection(SolutionProperties) = preSolution
		HideSolutionNode = FALSE
	EndGlobalSection
	GlobalSection(ExtensibilityGlobals) = postSolution
		SolutionGuid = {602E52B5-48B9-4704-8C0E-7C4988D00A19}
	EndGlobalSection
EndGlobal
