
Microsoft Visual Studio Solution File, Format Version 12.00
# Visual Studio Version 16
VisualStudioVersion = 16.0.31613.86
MinimumVisualStudioVersion = 10.0.40219.1
Project("{8BC9CEB8-8B4A-11D0-8D11-00A0C91BC942}") = "요새_알고스팟", "요새_알고스팟\요새_알고스팟.vcxproj", "{5A2086A6-540E-4B7E-AF19-98B058736CA7}"
EndProject
Global
	GlobalSection(SolutionConfigurationPlatforms) = preSolution
		Debug|x64 = Debug|x64
		Debug|x86 = Debug|x86
		Release|x64 = Release|x64
		Release|x86 = Release|x86
	EndGlobalSection
	GlobalSection(ProjectConfigurationPlatforms) = postSolution
		{5A2086A6-540E-4B7E-AF19-98B058736CA7}.Debug|x64.ActiveCfg = Debug|x64
		{5A2086A6-540E-4B7E-AF19-98B058736CA7}.Debug|x64.Build.0 = Debug|x64
		{5A2086A6-540E-4B7E-AF19-98B058736CA7}.Debug|x86.ActiveCfg = Debug|Win32
		{5A2086A6-540E-4B7E-AF19-98B058736CA7}.Debug|x86.Build.0 = Debug|Win32
		{5A2086A6-540E-4B7E-AF19-98B058736CA7}.Release|x64.ActiveCfg = Release|x64
		{5A2086A6-540E-4B7E-AF19-98B058736CA7}.Release|x64.Build.0 = Release|x64
		{5A2086A6-540E-4B7E-AF19-98B058736CA7}.Release|x86.ActiveCfg = Release|Win32
		{5A2086A6-540E-4B7E-AF19-98B058736CA7}.Release|x86.Build.0 = Release|Win32
	EndGlobalSection
	GlobalSection(SolutionProperties) = preSolution
		HideSolutionNode = FALSE
	EndGlobalSection
	GlobalSection(ExtensibilityGlobals) = postSolution
		SolutionGuid = {F41C94F0-CF28-48E4-9E66-1FF0CB1DE1A2}
	EndGlobalSection
EndGlobal
