
Microsoft Visual Studio Solution File, Format Version 12.00
# Visual Studio Version 16
VisualStudioVersion = 16.0.31613.86
MinimumVisualStudioVersion = 10.0.40219.1
Project("{8BC9CEB8-8B4A-11D0-8D11-00A0C91BC942}") = "우물을 기어오르는 달팽이_알고스팟", "우물을 기어오르는 달팽이_알고스팟\우물을 기어오르는 달팽이_알고스팟.vcxproj", "{F9DC59FB-B022-4689-BA15-6BC8BE1E3D96}"
EndProject
Global
	GlobalSection(SolutionConfigurationPlatforms) = preSolution
		Debug|x64 = Debug|x64
		Debug|x86 = Debug|x86
		Release|x64 = Release|x64
		Release|x86 = Release|x86
	EndGlobalSection
	GlobalSection(ProjectConfigurationPlatforms) = postSolution
		{F9DC59FB-B022-4689-BA15-6BC8BE1E3D96}.Debug|x64.ActiveCfg = Debug|x64
		{F9DC59FB-B022-4689-BA15-6BC8BE1E3D96}.Debug|x64.Build.0 = Debug|x64
		{F9DC59FB-B022-4689-BA15-6BC8BE1E3D96}.Debug|x86.ActiveCfg = Debug|Win32
		{F9DC59FB-B022-4689-BA15-6BC8BE1E3D96}.Debug|x86.Build.0 = Debug|Win32
		{F9DC59FB-B022-4689-BA15-6BC8BE1E3D96}.Release|x64.ActiveCfg = Release|x64
		{F9DC59FB-B022-4689-BA15-6BC8BE1E3D96}.Release|x64.Build.0 = Release|x64
		{F9DC59FB-B022-4689-BA15-6BC8BE1E3D96}.Release|x86.ActiveCfg = Release|Win32
		{F9DC59FB-B022-4689-BA15-6BC8BE1E3D96}.Release|x86.Build.0 = Release|Win32
	EndGlobalSection
	GlobalSection(SolutionProperties) = preSolution
		HideSolutionNode = FALSE
	EndGlobalSection
	GlobalSection(ExtensibilityGlobals) = postSolution
		SolutionGuid = {77FFBEF0-F817-4BFD-A075-10F1051BDB85}
	EndGlobalSection
EndGlobal
